
Microsoft Visual Studio Solution File, Format Version 12.00
# Visual Studio Version 16
VisualStudioVersion = 16.0.30907.101
MinimumVisualStudioVersion = 10.0.40219.1
Project("{FAE04EC0-301F-11D3-BF4B-00C04F79EFBC}") = "LeetCode_C_Sharp", "LeetCode_C_Sharp.csproj", "{8FF27306-3952-470F-BCDF-B4214B2A5BFB}"
EndProject
Global
	GlobalSection(SolutionConfigurationPlatforms) = preSolution
		Debug|Any CPU = Debug|Any CPU
		Release|Any CPU = Release|Any CPU
	EndGlobalSection
	GlobalSection(ProjectConfigurationPlatforms) = postSolution
		{8FF27306-3952-470F-BCDF-B4214B2A5BFB}.Debug|Any CPU.ActiveCfg = Debug|Any CPU
		{8FF27306-3952-470F-BCDF-B4214B2A5BFB}.Debug|Any CPU.Build.0 = Debug|Any CPU
		{8FF27306-3952-470F-BCDF-B4214B2A5BFB}.Release|Any CPU.ActiveCfg = Release|Any CPU
		{8FF27306-3952-470F-BCDF-B4214B2A5BFB}.Release|Any CPU.Build.0 = Release|Any CPU
	EndGlobalSection
	GlobalSection(SolutionProperties) = preSolution
		HideSolutionNode = FALSE
	EndGlobalSection
	GlobalSection(ExtensibilityGlobals) = postSolution
		SolutionGuid = {03449D45-8B68-4DAA-B8C9-8F3C0DDF1464}
	EndGlobalSection
EndGlobal
